
Microsoft Visual Studio Solution File, Format Version 12.00
# Visual Studio Version 17
VisualStudioVersion = 17.1.32104.313
MinimumVisualStudioVersion = 10.0.40219.1
Project("{9A19103F-16F7-4668-BE54-9A1E7A4F7556}") = "Areas", "Areas.csproj", "{F6A5E2EC-2328-4DE5-93BA-4666AF87D810}"
EndProject
Global
	GlobalSection(SolutionConfigurationPlatforms) = preSolution
		Debug|Any CPU = Debug|Any CPU
		Release|Any CPU = Release|Any CPU
	EndGlobalSection
	GlobalSection(ProjectConfigurationPlatforms) = postSolution
		{F6A5E2EC-2328-4DE5-93BA-4666AF87D810}.Debug|Any CPU.ActiveCfg = Debug|Any CPU
		{F6A5E2EC-2328-4DE5-93BA-4666AF87D810}.Debug|Any CPU.Build.0 = Debug|Any CPU
		{F6A5E2EC-2328-4DE5-93BA-4666AF87D810}.Release|Any CPU.ActiveCfg = Release|Any CPU
		{F6A5E2EC-2328-4DE5-93BA-4666AF87D810}.Release|Any CPU.Build.0 = Release|Any CPU
	EndGlobalSection
	GlobalSection(SolutionProperties) = preSolution
		HideSolutionNode = FALSE
	EndGlobalSection
	GlobalSection(ExtensibilityGlobals) = postSolution
		SolutionGuid = {A56790B6-5A48-4C85-9930-8B05DC4BA66D}
	EndGlobalSection
EndGlobal
